
Microsoft Visual Studio Solution File, Format Version 12.00
# Visual Studio 14
VisualStudioVersion = 14.0.24720.0
MinimumVisualStudioVersion = 10.0.40219.1
Project("{FAE04EC0-301F-11D3-BF4B-00C04F79EFBC}") = "RTSD_form", "RTSD_form\RTSD_form.csproj", "{B156926D-EC3D-45DD-8482-9D9255BE9214}"
EndProject
Project("{FAE04EC0-301F-11D3-BF4B-00C04F79EFBC}") = "LiblinphonedotNET", "LinphonedotNet\LiblinphonedotNET.csproj", "{EC14448A-DF0D-4415-BA1F-F4A7426E2549}"
EndProject
Global
	GlobalSection(SolutionConfigurationPlatforms) = preSolution
		Debug|Any CPU = Debug|Any CPU
		Release|Any CPU = Release|Any CPU
	EndGlobalSection
	GlobalSection(ProjectConfigurationPlatforms) = postSolution
		{B156926D-EC3D-45DD-8482-9D9255BE9214}.Debug|Any CPU.ActiveCfg = Debug|Any CPU
		{B156926D-EC3D-45DD-8482-9D9255BE9214}.Debug|Any CPU.Build.0 = Debug|Any CPU
		{B156926D-EC3D-45DD-8482-9D9255BE9214}.Release|Any CPU.ActiveCfg = Release|Any CPU
		{B156926D-EC3D-45DD-8482-9D9255BE9214}.Release|Any CPU.Build.0 = Release|Any CPU
		{EC14448A-DF0D-4415-BA1F-F4A7426E2549}.Debug|Any CPU.ActiveCfg = Debug|Any CPU
		{EC14448A-DF0D-4415-BA1F-F4A7426E2549}.Debug|Any CPU.Build.0 = Debug|Any CPU
		{EC14448A-DF0D-4415-BA1F-F4A7426E2549}.Release|Any CPU.ActiveCfg = Release|Any CPU
		{EC14448A-DF0D-4415-BA1F-F4A7426E2549}.Release|Any CPU.Build.0 = Release|Any CPU
	EndGlobalSection
	GlobalSection(SolutionProperties) = preSolution
		HideSolutionNode = FALSE
	EndGlobalSection
EndGlobal
